
Microsoft Visual Studio Solution File, Format Version 12.00
# Visual Studio Version 17
VisualStudioVersion = 17.0.31912.275
MinimumVisualStudioVersion = 10.0.40219.1
Project("{2150E333-8FDC-42A3-9474-1A3956D46DE8}") = "Binary", "Binary", "{F511B1A3-EEE2-438F-B97C-FADC8B3EB553}"
EndProject
Project("{9A19103F-16F7-4668-BE54-9A1E7A4F7556}") = "BinaryDataExplorer", "BinaryDataExplorer\BinaryDataExplorer.csproj", "{3546638F-3030-41A4-8D32-9C36A6A3DAD4}"
EndProject
Project("{9A19103F-16F7-4668-BE54-9A1E7A4F7556}") = "BinarySerializer", "..\submodules\BinarySerializer\src\BinarySerializer.csproj", "{E163F327-DB80-473D-A504-F7405865E162}"
EndProject
Project("{9A19103F-16F7-4668-BE54-9A1E7A4F7556}") = "BinarySerializer.Audio", "..\submodules\BinarySerializer.Audio\src\BinarySerializer.Audio.csproj", "{D033FF83-C956-4095-B9BF-A0D338D17007}"
EndProject
Project("{9A19103F-16F7-4668-BE54-9A1E7A4F7556}") = "BinarySerializer.GBA", "..\submodules\BinarySerializer.GBA\src\BinarySerializer.GBA.csproj", "{EC41E97F-6D23-4C5C-BCA1-A847468F273D}"
EndProject
Project("{9A19103F-16F7-4668-BE54-9A1E7A4F7556}") = "BinarySerializer.GBA.Audio", "..\submodules\BinarySerializer.GBA.Audio\src\BinarySerializer.GBA.Audio.csproj", "{5EC728DF-4DB1-40B7-88AA-4910D9B9A5B7}"
EndProject
Project("{9A19103F-16F7-4668-BE54-9A1E7A4F7556}") = "BinarySerializer.Image", "..\submodules\BinarySerializer.Image\src\BinarySerializer.Image.csproj", "{67B96491-58E9-43BB-AAB9-77C986D08249}"
EndProject
Project("{9A19103F-16F7-4668-BE54-9A1E7A4F7556}") = "BinarySerializer.Klonoa", "..\submodules\BinarySerializer.Klonoa\src\BinarySerializer.Klonoa\BinarySerializer.Klonoa.csproj", "{6DBFEAF4-EAA5-4443-8510-1A3C9303F704}"
EndProject
Project("{9A19103F-16F7-4668-BE54-9A1E7A4F7556}") = "BinarySerializer.Klonoa.DTP", "..\submodules\BinarySerializer.Klonoa\src\BinarySerializer.Klonoa.DTP\BinarySerializer.Klonoa.DTP.csproj", "{00B16BB7-BD3B-4CF2-BCAF-66C00B6C850D}"
EndProject
Project("{9A19103F-16F7-4668-BE54-9A1E7A4F7556}") = "BinarySerializer.Klonoa.KH", "..\submodules\BinarySerializer.Klonoa\src\BinarySerializer.Klonoa.KH\BinarySerializer.Klonoa.KH.csproj", "{7E188787-E14E-40C5-8FAE-36BF87259C4B}"
EndProject
Project("{9A19103F-16F7-4668-BE54-9A1E7A4F7556}") = "BinarySerializer.Klonoa.LV", "..\submodules\BinarySerializer.Klonoa\src\BinarySerializer.Klonoa.LV\BinarySerializer.Klonoa.LV.csproj", "{90F1F9D6-1F16-46D2-AC98-AB0889E8A2A0}"
EndProject
Project("{9A19103F-16F7-4668-BE54-9A1E7A4F7556}") = "BinarySerializer.PS1", "..\submodules\BinarySerializer.PS1\src\BinarySerializer.PS1.csproj", "{5D1B0474-5E27-43A3-A154-74EF68993B19}"
EndProject
Project("{9A19103F-16F7-4668-BE54-9A1E7A4F7556}") = "BinarySerializer.PS2", "..\submodules\BinarySerializer.PS2\src\BinarySerializer.PS2.csproj", "{1288BD5B-4470-47DE-BAB6-BEB9FDB662F2}"
EndProject
Project("{9A19103F-16F7-4668-BE54-9A1E7A4F7556}") = "BinarySerializer.Ray1", "..\submodules\BinarySerializer.Ray1\src\BinarySerializer.Ray1\BinarySerializer.Ray1.csproj", "{2F8E37E7-F3B0-4CA4-883F-B61FEC0B4A7E}"
EndProject
Project("{9A19103F-16F7-4668-BE54-9A1E7A4F7556}") = "BinarySerializer.Ray1.GBA", "..\submodules\BinarySerializer.Ray1\src\BinarySerializer.Ray1.GBA\BinarySerializer.Ray1.GBA.csproj", "{1DA9275B-5A15-416E-82A3-2A7A1B60DDE4}"
EndProject
Project("{9A19103F-16F7-4668-BE54-9A1E7A4F7556}") = "BinarySerializer.Ray1.Jaguar", "..\submodules\BinarySerializer.Ray1\src\BinarySerializer.Ray1.Jaguar\BinarySerializer.Ray1.Jaguar.csproj", "{8ED15168-28F3-4E66-9720-6002F94982C9}"
EndProject
Project("{2150E333-8FDC-42A3-9474-1A3956D46DE8}") = "Klonoa", "Klonoa", "{68FEFCC1-443A-4D2D-8A9E-6A1B485B0F7F}"
EndProject
Project("{2150E333-8FDC-42A3-9474-1A3956D46DE8}") = "Ray1", "Ray1", "{63592E1C-3F3C-4327-8D7C-6DA5A483F0AF}"
EndProject
Global
	GlobalSection(SolutionConfigurationPlatforms) = preSolution
		Debug|Any CPU = Debug|Any CPU
		Release|Any CPU = Release|Any CPU
	EndGlobalSection
	GlobalSection(ProjectConfigurationPlatforms) = postSolution
		{3546638F-3030-41A4-8D32-9C36A6A3DAD4}.Debug|Any CPU.ActiveCfg = Debug|Any CPU
		{3546638F-3030-41A4-8D32-9C36A6A3DAD4}.Debug|Any CPU.Build.0 = Debug|Any CPU
		{3546638F-3030-41A4-8D32-9C36A6A3DAD4}.Release|Any CPU.ActiveCfg = Release|Any CPU
		{3546638F-3030-41A4-8D32-9C36A6A3DAD4}.Release|Any CPU.Build.0 = Release|Any CPU
		{E163F327-DB80-473D-A504-F7405865E162}.Debug|Any CPU.ActiveCfg = Debug|Any CPU
		{E163F327-DB80-473D-A504-F7405865E162}.Debug|Any CPU.Build.0 = Debug|Any CPU
		{E163F327-DB80-473D-A504-F7405865E162}.Release|Any CPU.ActiveCfg = Release|Any CPU
		{E163F327-DB80-473D-A504-F7405865E162}.Release|Any CPU.Build.0 = Release|Any CPU
		{D033FF83-C956-4095-B9BF-A0D338D17007}.Debug|Any CPU.ActiveCfg = Debug|Any CPU
		{D033FF83-C956-4095-B9BF-A0D338D17007}.Debug|Any CPU.Build.0 = Debug|Any CPU
		{D033FF83-C956-4095-B9BF-A0D338D17007}.Release|Any CPU.ActiveCfg = Release|Any CPU
		{D033FF83-C956-4095-B9BF-A0D338D17007}.Release|Any CPU.Build.0 = Release|Any CPU
		{EC41E97F-6D23-4C5C-BCA1-A847468F273D}.Debug|Any CPU.ActiveCfg = Debug|Any CPU
		{EC41E97F-6D23-4C5C-BCA1-A847468F273D}.Debug|Any CPU.Build.0 = Debug|Any CPU
		{EC41E97F-6D23-4C5C-BCA1-A847468F273D}.Release|Any CPU.ActiveCfg = Release|Any CPU
		{EC41E97F-6D23-4C5C-BCA1-A847468F273D}.Release|Any CPU.Build.0 = Release|Any CPU
		{5EC728DF-4DB1-40B7-88AA-4910D9B9A5B7}.Debug|Any CPU.ActiveCfg = Debug|Any CPU
		{5EC728DF-4DB1-40B7-88AA-4910D9B9A5B7}.Debug|Any CPU.Build.0 = Debug|Any CPU
		{5EC728DF-4DB1-40B7-88AA-4910D9B9A5B7}.Release|Any CPU.ActiveCfg = Release|Any CPU
		{5EC728DF-4DB1-40B7-88AA-4910D9B9A5B7}.Release|Any CPU.Build.0 = Release|Any CPU
		{67B96491-58E9-43BB-AAB9-77C986D08249}.Debug|Any CPU.ActiveCfg = Debug|Any CPU
		{67B96491-58E9-43BB-AAB9-77C986D08249}.Debug|Any CPU.Build.0 = Debug|Any CPU
		{67B96491-58E9-43BB-AAB9-77C986D08249}.Release|Any CPU.ActiveCfg = Release|Any CPU
		{67B96491-58E9-43BB-AAB9-77C986D08249}.Release|Any CPU.Build.0 = Release|Any CPU
		{6DBFEAF4-EAA5-4443-8510-1A3C9303F704}.Debug|Any CPU.ActiveCfg = Debug|Any CPU
		{6DBFEAF4-EAA5-4443-8510-1A3C9303F704}.Debug|Any CPU.Build.0 = Debug|Any CPU
		{6DBFEAF4-EAA5-4443-8510-1A3C9303F704}.Release|Any CPU.ActiveCfg = Release|Any CPU
		{6DBFEAF4-EAA5-4443-8510-1A3C9303F704}.Release|Any CPU.Build.0 = Release|Any CPU
		{00B16BB7-BD3B-4CF2-BCAF-66C00B6C850D}.Debug|Any CPU.ActiveCfg = Debug|Any CPU
		{00B16BB7-BD3B-4CF2-BCAF-66C00B6C850D}.Debug|Any CPU.Build.0 = Debug|Any CPU
		{00B16BB7-BD3B-4CF2-BCAF-66C00B6C850D}.Release|Any CPU.ActiveCfg = Release|Any CPU
		{00B16BB7-BD3B-4CF2-BCAF-66C00B6C850D}.Release|Any CPU.Build.0 = Release|Any CPU
		{7E188787-E14E-40C5-8FAE-36BF87259C4B}.Debug|Any CPU.ActiveCfg = Debug|Any CPU
		{7E188787-E14E-40C5-8FAE-36BF87259C4B}.Debug|Any CPU.Build.0 = Debug|Any CPU
		{7E188787-E14E-40C5-8FAE-36BF87259C4B}.Release|Any CPU.ActiveCfg = Release|Any CPU
		{7E188787-E14E-40C5-8FAE-36BF87259C4B}.Release|Any CPU.Build.0 = Release|Any CPU
		{90F1F9D6-1F16-46D2-AC98-AB0889E8A2A0}.Debug|Any CPU.ActiveCfg = Debug|Any CPU
		{90F1F9D6-1F16-46D2-AC98-AB0889E8A2A0}.Debug|Any CPU.Build.0 = Debug|Any CPU
		{90F1F9D6-1F16-46D2-AC98-AB0889E8A2A0}.Release|Any CPU.ActiveCfg = Release|Any CPU
		{90F1F9D6-1F16-46D2-AC98-AB0889E8A2A0}.Release|Any CPU.Build.0 = Release|Any CPU
		{5D1B0474-5E27-43A3-A154-74EF68993B19}.Debug|Any CPU.ActiveCfg = Debug|Any CPU
		{5D1B0474-5E27-43A3-A154-74EF68993B19}.Debug|Any CPU.Build.0 = Debug|Any CPU
		{5D1B0474-5E27-43A3-A154-74EF68993B19}.Release|Any CPU.ActiveCfg = Release|Any CPU
		{5D1B0474-5E27-43A3-A154-74EF68993B19}.Release|Any CPU.Build.0 = Release|Any CPU
		{1288BD5B-4470-47DE-BAB6-BEB9FDB662F2}.Debug|Any CPU.ActiveCfg = Debug|Any CPU
		{1288BD5B-4470-47DE-BAB6-BEB9FDB662F2}.Debug|Any CPU.Build.0 = Debug|Any CPU
		{1288BD5B-4470-47DE-BAB6-BEB9FDB662F2}.Release|Any CPU.ActiveCfg = Release|Any CPU
		{1288BD5B-4470-47DE-BAB6-BEB9FDB662F2}.Release|Any CPU.Build.0 = Release|Any CPU
		{2F8E37E7-F3B0-4CA4-883F-B61FEC0B4A7E}.Debug|Any CPU.ActiveCfg = Debug|Any CPU
		{2F8E37E7-F3B0-4CA4-883F-B61FEC0B4A7E}.Debug|Any CPU.Build.0 = Debug|Any CPU
		{2F8E37E7-F3B0-4CA4-883F-B61FEC0B4A7E}.Release|Any CPU.ActiveCfg = Release|Any CPU
		{2F8E37E7-F3B0-4CA4-883F-B61FEC0B4A7E}.Release|Any CPU.Build.0 = Release|Any CPU
		{1DA9275B-5A15-416E-82A3-2A7A1B60DDE4}.Debug|Any CPU.ActiveCfg = Debug|Any CPU
		{1DA9275B-5A15-416E-82A3-2A7A1B60DDE4}.Debug|Any CPU.Build.0 = Debug|Any CPU
		{1DA9275B-5A15-416E-82A3-2A7A1B60DDE4}.Release|Any CPU.ActiveCfg = Release|Any CPU
		{1DA9275B-5A15-416E-82A3-2A7A1B60DDE4}.Release|Any CPU.Build.0 = Release|Any CPU
		{8ED15168-28F3-4E66-9720-6002F94982C9}.Debug|Any CPU.ActiveCfg = Debug|Any CPU
		{8ED15168-28F3-4E66-9720-6002F94982C9}.Debug|Any CPU.Build.0 = Debug|Any CPU
		{8ED15168-28F3-4E66-9720-6002F94982C9}.Release|Any CPU.ActiveCfg = Release|Any CPU
		{8ED15168-28F3-4E66-9720-6002F94982C9}.Release|Any CPU.Build.0 = Release|Any CPU
	EndGlobalSection
	GlobalSection(SolutionProperties) = preSolution
		HideSolutionNode = FALSE
	EndGlobalSection
	GlobalSection(NestedProjects) = preSolution
		{E163F327-DB80-473D-A504-F7405865E162} = {F511B1A3-EEE2-438F-B97C-FADC8B3EB553}
		{D033FF83-C956-4095-B9BF-A0D338D17007} = {F511B1A3-EEE2-438F-B97C-FADC8B3EB553}
		{EC41E97F-6D23-4C5C-BCA1-A847468F273D} = {F511B1A3-EEE2-438F-B97C-FADC8B3EB553}
		{5EC728DF-4DB1-40B7-88AA-4910D9B9A5B7} = {F511B1A3-EEE2-438F-B97C-FADC8B3EB553}
		{67B96491-58E9-43BB-AAB9-77C986D08249} = {F511B1A3-EEE2-438F-B97C-FADC8B3EB553}
		{6DBFEAF4-EAA5-4443-8510-1A3C9303F704} = {68FEFCC1-443A-4D2D-8A9E-6A1B485B0F7F}
		{00B16BB7-BD3B-4CF2-BCAF-66C00B6C850D} = {68FEFCC1-443A-4D2D-8A9E-6A1B485B0F7F}
		{7E188787-E14E-40C5-8FAE-36BF87259C4B} = {68FEFCC1-443A-4D2D-8A9E-6A1B485B0F7F}
		{90F1F9D6-1F16-46D2-AC98-AB0889E8A2A0} = {68FEFCC1-443A-4D2D-8A9E-6A1B485B0F7F}
		{5D1B0474-5E27-43A3-A154-74EF68993B19} = {F511B1A3-EEE2-438F-B97C-FADC8B3EB553}
		{1288BD5B-4470-47DE-BAB6-BEB9FDB662F2} = {F511B1A3-EEE2-438F-B97C-FADC8B3EB553}
		{2F8E37E7-F3B0-4CA4-883F-B61FEC0B4A7E} = {63592E1C-3F3C-4327-8D7C-6DA5A483F0AF}
		{1DA9275B-5A15-416E-82A3-2A7A1B60DDE4} = {63592E1C-3F3C-4327-8D7C-6DA5A483F0AF}
		{8ED15168-28F3-4E66-9720-6002F94982C9} = {63592E1C-3F3C-4327-8D7C-6DA5A483F0AF}
		{68FEFCC1-443A-4D2D-8A9E-6A1B485B0F7F} = {F511B1A3-EEE2-438F-B97C-FADC8B3EB553}
		{63592E1C-3F3C-4327-8D7C-6DA5A483F0AF} = {F511B1A3-EEE2-438F-B97C-FADC8B3EB553}
	EndGlobalSection
	GlobalSection(ExtensibilityGlobals) = postSolution
		SolutionGuid = {D5B6CFFB-BCE8-46C8-84F6-B706E5B7F1AE}
	EndGlobalSection
EndGlobal
